
Microsoft Visual Studio Solution File, Format Version 12.00
# Visual Studio Version 16
VisualStudioVersion = 16.0.29709.97
MinimumVisualStudioVersion = 10.0.40219.1
Project("{FAE04EC0-301F-11D3-BF4B-00C04F79EFBC}") = "DataBaseHelper", "DataBaseHelper\DataBaseHelper.csproj", "{0623B340-9504-4A87-8219-2244DCAE9E05}"
EndProject
Global
	GlobalSection(SolutionConfigurationPlatforms) = preSolution
		Debug|Any CPU = Debug|Any CPU
		Release|Any CPU = Release|Any CPU
	EndGlobalSection
	GlobalSection(ProjectConfigurationPlatforms) = postSolution
		{0623B340-9504-4A87-8219-2244DCAE9E05}.Debug|Any CPU.ActiveCfg = Debug|Any CPU
		{0623B340-9504-4A87-8219-2244DCAE9E05}.Debug|Any CPU.Build.0 = Debug|Any CPU
		{0623B340-9504-4A87-8219-2244DCAE9E05}.Release|Any CPU.ActiveCfg = Release|Any CPU
		{0623B340-9504-4A87-8219-2244DCAE9E05}.Release|Any CPU.Build.0 = Release|Any CPU
	EndGlobalSection
	GlobalSection(SolutionProperties) = preSolution
		HideSolutionNode = FALSE
	EndGlobalSection
	GlobalSection(ExtensibilityGlobals) = postSolution
		SolutionGuid = {DC2E4B7F-7025-400A-8E20-91E0E0F12FE3}
	EndGlobalSection
EndGlobal
